# This file is automatically @generated by Cargo.
# It is not intended for manual editing.
[[package]]
name = "cc"
version = "1.0.66"
source = "registry+https://github.com/rust-lang/crates.io-index"
checksum = "4c0496836a84f8d0495758516b8621a622beb77c0fed418570e50764093ced48"

[[package]]
name = "libc"
version = "0.2.80"
source = "git+https://github.com/Mic92/libc?branch=no-libc#a6ac199f490f3e66203979b60263fcd80ab012b6"

[[package]]
name = "nix-ld"
version = "0.1.0"
dependencies = [
 "cc",
 "libc",
]
