{
  "nodes": {
    "nixpkgs": {
      "locked": {
        "lastModified": 1671467162,
        "narHash": "sha256-1MRYdkLH7vyz9A/69KeDE+4RaEI6D83GfuJLMOGjN/8=",
        "owner": "NixOS",
        "repo": "nixpkgs",
        "rev": "9bf4ec690947311dd0b080bb8d86a3019d5f4f24",
        "type": "github"
      },
      "original": {
        "owner": "NixOS",
        "repo": "nixpkgs",
        "type": "github"
      }
    },
    "root": {
      "inputs": {
        "nixpkgs": "nixpkgs",
        "utils": "utils"
      }
    },
    "utils": {
      "locked": {
        "lastModified": 1667395993,
        "narHash": "sha256-nuEHfE/LcWyuSWnS8t12N1wc105Qtau+/OdUAjtQ0rA=",
        "owner": "numtide",
        "repo": "flake-utils",
        "rev": "5aed5285a952e0b949eb3ba02c12fa4fcfef535f",
        "type": "github"
      },
      "original": {
        "owner": "numtide",
        "repo": "flake-utils",
        "type": "github"
      }
    }
  },
  "root": "root",
  "version": 7
}
